
Microsoft Visual Studio Solution File, Format Version 12.00
# Visual Studio Version 17
VisualStudioVersion = 17.1.32328.378
MinimumVisualStudioVersion = 10.0.40219.1
Project("{FAE04EC0-301F-11D3-BF4B-00C04F79EFBC}") = "JwMeetingImageProjector", "JwMeetingImageProjector\JwMeetingImageProjector.csproj", "{C730742C-EAC4-4988-8899-69C32785B7C8}"
EndProject
Global
	GlobalSection(SolutionConfigurationPlatforms) = preSolution
		Debug|Any CPU = Debug|Any CPU
		Release|Any CPU = Release|Any CPU
	EndGlobalSection
	GlobalSection(ProjectConfigurationPlatforms) = postSolution
		{C730742C-EAC4-4988-8899-69C32785B7C8}.Debug|Any CPU.ActiveCfg = Debug|Any CPU
		{C730742C-EAC4-4988-8899-69C32785B7C8}.Debug|Any CPU.Build.0 = Debug|Any CPU
		{C730742C-EAC4-4988-8899-69C32785B7C8}.Release|Any CPU.ActiveCfg = Release|Any CPU
		{C730742C-EAC4-4988-8899-69C32785B7C8}.Release|Any CPU.Build.0 = Release|Any CPU
	EndGlobalSection
	GlobalSection(SolutionProperties) = preSolution
		HideSolutionNode = FALSE
	EndGlobalSection
	GlobalSection(ExtensibilityGlobals) = postSolution
		SolutionGuid = {10559E4D-BE0D-4557-843B-3F80C589377A}
	EndGlobalSection
EndGlobal
